
Microsoft Visual Studio Solution File, Format Version 12.00
# Visual Studio Version 16
VisualStudioVersion = 16.0.34301.259
MinimumVisualStudioVersion = 10.0.40219.1
Project("{FAE04EC0-301F-11D3-BF4B-00C04F79EFBC}") = "FunnyAnticheat", "FunnyAnticheat.csproj", "{B38C7BF9-655F-4016-9B82-4748AD2FBBFF}"
EndProject
Global
	GlobalSection(SolutionConfigurationPlatforms) = preSolution
		Debug|Any CPU = Debug|Any CPU
		Release|Any CPU = Release|Any CPU
	EndGlobalSection
	GlobalSection(ProjectConfigurationPlatforms) = postSolution
		{B38C7BF9-655F-4016-9B82-4748AD2FBBFF}.Debug|Any CPU.ActiveCfg = Debug|Any CPU
		{B38C7BF9-655F-4016-9B82-4748AD2FBBFF}.Debug|Any CPU.Build.0 = Debug|Any CPU
		{B38C7BF9-655F-4016-9B82-4748AD2FBBFF}.Release|Any CPU.ActiveCfg = Release|Any CPU
		{B38C7BF9-655F-4016-9B82-4748AD2FBBFF}.Release|Any CPU.Build.0 = Release|Any CPU
	EndGlobalSection
	GlobalSection(SolutionProperties) = preSolution
		HideSolutionNode = FALSE
	EndGlobalSection
	GlobalSection(ExtensibilityGlobals) = postSolution
		SolutionGuid = {4F9EA152-0B19-46DF-BD06-32B41CDF8FDC}
	EndGlobalSection
EndGlobal
